// !$*UTF8*$!
{
	archiveVersion = 1;
	classes = {
	};
	objectVersion = 50;
	objects = {

/* Begin PBXBuildFile section */
		6E43751325CFAB7C0059E66C /* InfoModel.swift in Sources */ = {isa = PBXBuildFile; fileRef = 6E43751225CFAB7C0059E66C /* InfoModel.swift */; };
		6E43751625CFABB20059E66C /* ViewModel.swift in Sources */ = {isa = PBXBuildFile; fileRef = 6E43751525CFABB20059E66C /* ViewModel.swift */; };
		6E43751925CFAC660059E66C /* MainView.swift in Sources */ = {isa = PBXBuildFile; fileRef = 6E43751825CFAC660059E66C /* MainView.swift */; };
		6E43751C25CFACEC0059E66C /* HomeView.swift in Sources */ = {isa = PBXBuildFile; fileRef = 6E43751B25CFACEC0059E66C /* HomeView.swift */; };
		6E43751F25CFAD8E0059E66C /* GallaryView.swift in Sources */ = {isa = PBXBuildFile; fileRef = 6E43751E25CFAD8E0059E66C /* GallaryView.swift */; };
		6E43752225CFAEFC0059E66C /* OrderView.swift in Sources */ = {isa = PBXBuildFile; fileRef = 6E43752125CFAEFC0059E66C /* OrderView.swift */; };
		6E43752525CFAF0F0059E66C /* MapView.swift in Sources */ = {isa = PBXBuildFile; fileRef = 6E43752425CFAF0F0059E66C /* MapView.swift */; };
		6E43752825CFB0390059E66C /* WebView.swift in Sources */ = {isa = PBXBuildFile; fileRef = 6E43752725CFB0390059E66C /* WebView.swift */; };
		7839A74025CFA9A100585397 /* auto_astronomyApp.swift in Sources */ = {isa = PBXBuildFile; fileRef = 7839A73F25CFA9A100585397 /* auto_astronomyApp.swift */; };
		7839A74225CFA9A100585397 /* ContentView.swift in Sources */ = {isa = PBXBuildFile; fileRef = 7839A74125CFA9A100585397 /* ContentView.swift */; };
		7839A74425CFA9A200585397 /* Assets.xcassets in Resources */ = {isa = PBXBuildFile; fileRef = 7839A74325CFA9A200585397 /* Assets.xcassets */; };
		7839A74725CFA9A200585397 /* Preview Assets.xcassets in Resources */ = {isa = PBXBuildFile; fileRef = 7839A74625CFA9A200585397 /* Preview Assets.xcassets */; };
/* End PBXBuildFile section */

/* Begin PBXFileReference section */
		6E43751225CFAB7C0059E66C /* InfoModel.swift */ = {isa = PBXFileReference; lastKnownFileType = sourcecode.swift; path = InfoModel.swift; sourceTree = "<group>"; };
		6E43751525CFABB20059E66C /* ViewModel.swift */ = {isa = PBXFileReference; lastKnownFileType = sourcecode.swift; path = ViewModel.swift; sourceTree = "<group>"; };
		6E43751825CFAC660059E66C /* MainView.swift */ = {isa = PBXFileReference; lastKnownFileType = sourcecode.swift; path = MainView.swift; sourceTree = "<group>"; };
		6E43751B25CFACEC0059E66C /* HomeView.swift */ = {isa = PBXFileReference; lastKnownFileType = sourcecode.swift; path = HomeView.swift; sourceTree = "<group>"; };
		6E43751E25CFAD8E0059E66C /* GallaryView.swift */ = {isa = PBXFileReference; lastKnownFileType = sourcecode.swift; path = GallaryView.swift; sourceTree = "<group>"; };
		6E43752125CFAEFC0059E66C /* OrderView.swift */ = {isa = PBXFileReference; lastKnownFileType = sourcecode.swift; path = OrderView.swift; sourceTree = "<group>"; };
		6E43752425CFAF0F0059E66C /* MapView.swift */ = {isa = PBXFileReference; lastKnownFileType = sourcecode.swift; path = MapView.swift; sourceTree = "<group>"; };
		6E43752725CFB0390059E66C /* WebView.swift */ = {isa = PBXFileReference; lastKnownFileType = sourcecode.swift; path = WebView.swift; sourceTree = "<group>"; };
		7839A73C25CFA9A100585397 /* auto-astronomy.app */ = {isa = PBXFileReference; explicitFileType = wrapper.application; includeInIndex = 0; path = "auto-astronomy.app"; sourceTree = BUILT_PRODUCTS_DIR; };
		7839A73F25CFA9A100585397 /* auto_astronomyApp.swift */ = {isa = PBXFileReference; lastKnownFileType = sourcecode.swift; path = auto_astronomyApp.swift; sourceTree = "<group>"; };
		7839A74125CFA9A100585397 /* ContentView.swift */ = {isa = PBXFileReference; lastKnownFileType = sourcecode.swift; path = ContentView.swift; sourceTree = "<group>"; };
		7839A74325CFA9A200585397 /* Assets.xcassets */ = {isa = PBXFileReference; lastKnownFileType = folder.assetcatalog; path = Assets.xcassets; sourceTree = "<group>"; };
		7839A74625CFA9A200585397 /* Preview Assets.xcassets */ = {isa = PBXFileReference; lastKnownFileType = folder.assetcatalog; path = "Preview Assets.xcassets"; sourceTree = "<group>"; };
		7839A74825CFA9A200585397 /* Info.plist */ = {isa = PBXFileReference; lastKnownFileType = text.plist.xml; path = Info.plist; sourceTree = "<group>"; };
/* End PBXFileReference section */

/* Begin PBXFrameworksBuildPhase section */
		7839A73925CFA9A100585397 /* Frameworks */ = {
			isa = PBXFrameworksBuildPhase;
			buildActionMask = 2147483647;
			files = (
			);
			runOnlyForDeploymentPostprocessing = 0;
		};
/* End PBXFrameworksBuildPhase section */

/* Begin PBXGroup section */
		7839A73325CFA9A100585397 = {
			isa = PBXGroup;
			children = (
				7839A73E25CFA9A100585397 /* auto-astronomy */,
				7839A73D25CFA9A100585397 /* Products */,
			);
			sourceTree = "<group>";
		};
		7839A73D25CFA9A100585397 /* Products */ = {
			isa = PBXGroup;
			children = (
				7839A73C25CFA9A100585397 /* auto-astronomy.app */,
			);
			name = Products;
			sourceTree = "<group>";
		};
		7839A73E25CFA9A100585397 /* auto-astronomy */ = {
			isa = PBXGroup;
			children = (
				7839A73F25CFA9A100585397 /* auto_astronomyApp.swift */,
				6E43752125CFAEFC0059E66C /* OrderView.swift */,
				7839A74125CFA9A100585397 /* ContentView.swift */,
				7839A74325CFA9A200585397 /* Assets.xcassets */,
				7839A74825CFA9A200585397 /* Info.plist */,
				7839A74525CFA9A200585397 /* Preview Content */,
				6E43751225CFAB7C0059E66C /* InfoModel.swift */,
				6E43751525CFABB20059E66C /* ViewModel.swift */,
				6E43751825CFAC660059E66C /* MainView.swift */,
				6E43751B25CFACEC0059E66C /* HomeView.swift */,
				6E43751E25CFAD8E0059E66C /* GallaryView.swift */,
				6E43752425CFAF0F0059E66C /* MapView.swift */,
				6E43752725CFB0390059E66C /* WebView.swift */,
			);
			path = "auto-astronomy";
			sourceTree = "<group>";
		};
		7839A74525CFA9A200585397 /* Preview Content */ = {
			isa = PBXGroup;
			children = (
				7839A74625CFA9A200585397 /* Preview Assets.xcassets */,
			);
			path = "Preview Content";
			sourceTree = "<group>";
		};
/* End PBXGroup section */

/* Begin PBXNativeTarget section */
		7839A73B25CFA9A100585397 /* auto-astronomy */ = {
			isa = PBXNativeTarget;
			buildConfigurationList = 7839A74B25CFA9A200585397 /* Build configuration list for PBXNativeTarget "auto-astronomy" */;
			buildPhases = (
				7839A73825CFA9A100585397 /* Sources */,
				7839A73925CFA9A100585397 /* Frameworks */,
				7839A73A25CFA9A100585397 /* Resources */,
			);
			buildRules = (
			);
			dependencies = (
			);
			name = "auto-astronomy";
			productName = "auto-astronomy";
			productReference = 7839A73C25CFA9A100585397 /* auto-astronomy.app */;
			productType = "com.apple.product-type.application";
		};
/* End PBXNativeTarget section */

/* Begin PBXProject section */
		7839A73425CFA9A100585397 /* Project object */ = {
			isa = PBXProject;
			attributes = {
				LastSwiftUpdateCheck = 1240;
				LastUpgradeCheck = 1240;
				TargetAttributes = {
					7839A73B25CFA9A100585397 = {
						CreatedOnToolsVersion = 12.4;
					};
				};
			};
			buildConfigurationList = 7839A73725CFA9A100585397 /* Build configuration list for PBXProject "auto-astronomy" */;
			compatibilityVersion = "Xcode 9.3";
			developmentRegion = en;
			hasScannedForEncodings = 0;
			knownRegions = (
				en,
				Base,
			);
			mainGroup = 7839A73325CFA9A100585397;
			productRefGroup = 7839A73D25CFA9A100585397 /* Products */;
			projectDirPath = "";
			projectRoot = "";
			targets = (
				7839A73B25CFA9A100585397 /* auto-astronomy */,
			);
		};
/* End PBXProject section */

/* Begin PBXResourcesBuildPhase section */
		7839A73A25CFA9A100585397 /* Resources */ = {
			isa = PBXResourcesBuildPhase;
			buildActionMask = 2147483647;
			files = (
				7839A74725CFA9A200585397 /* Preview Assets.xcassets in Resources */,
				7839A74425CFA9A200585397 /* Assets.xcassets in Resources */,
			);
			runOnlyForDeploymentPostprocessing = 0;
		};
/* End PBXResourcesBuildPhase section */

/* Begin PBXSourcesBuildPhase section */
		7839A73825CFA9A100585397 /* Sources */ = {
			isa = PBXSourcesBuildPhase;
			buildActionMask = 2147483647;
			files = (
				7839A74225CFA9A100585397 /* ContentView.swift in Sources */,
				6E43752825CFB0390059E66C /* WebView.swift in Sources */,
				6E43752225CFAEFC0059E66C /* OrderView.swift in Sources */,
				7839A74025CFA9A100585397 /* auto_astronomyApp.swift in Sources */,
				6E43751625CFABB20059E66C /* ViewModel.swift in Sources */,
				6E43751F25CFAD8E0059E66C /* GallaryView.swift in Sources */,
				6E43751C25CFACEC0059E66C /* HomeView.swift in Sources */,
				6E43751925CFAC660059E66C /* MainView.swift in Sources */,
				6E43752525CFAF0F0059E66C /* MapView.swift in Sources */,
				6E43751325CFAB7C0059E66C /* InfoModel.swift in Sources */,
			);
			runOnlyForDeploymentPostprocessing = 0;
		};
/* End PBXSourcesBuildPhase section */

/* Begin XCBuildConfiguration section */
		7839A74925CFA9A200585397 /* Debug */ = {
			isa = XCBuildConfiguration;
			buildSettings = {
				ALWAYS_SEARCH_USER_PATHS = NO;
				CLANG_ANALYZER_NONNULL = YES;
				CLANG_ANALYZER_NUMBER_OBJECT_CONVERSION = YES_AGGRESSIVE;
				CLANG_CXX_LANGUAGE_STANDARD = "gnu++14";
				CLANG_CXX_LIBRARY = "libc++";
				CLANG_ENABLE_MODULES = YES;
				CLANG_ENABLE_OBJC_ARC = YES;
				CLANG_ENABLE_OBJC_WEAK = YES;
				CLANG_WARN_BLOCK_CAPTURE_AUTORELEASING = YES;
				CLANG_WARN_BOOL_CONVERSION = YES;
				CLANG_WARN_COMMA = YES;
				CLANG_WARN_CONSTANT_CONVERSION = YES;
				CLANG_WARN_DEPRECATED_OBJC_IMPLEMENTATIONS = YES;
				CLANG_WARN_DIRECT_OBJC_ISA_USAGE = YES_ERROR;
				CLANG_WARN_DOCUMENTATION_COMMENTS = YES;
				CLANG_WARN_EMPTY_BODY = YES;
				CLANG_WARN_ENUM_CONVERSION = YES;
				CLANG_WARN_INFINITE_RECURSION = YES;
				CLANG_WARN_INT_CONVERSION = YES;
				CLANG_WARN_NON_LITERAL_NULL_CONVERSION = YES;
				CLANG_WARN_OBJC_IMPLICIT_RETAIN_SELF = YES;
				CLANG_WARN_OBJC_LITERAL_CONVERSION = YES;
				CLANG_WARN_OBJC_ROOT_CLASS = YES_ERROR;
				CLANG_WARN_QUOTED_INCLUDE_IN_FRAMEWORK_HEADER = YES;
				CLANG_WARN_RANGE_LOOP_ANALYSIS = YES;
				CLANG_WARN_STRICT_PROTOTYPES = YES;
				CLANG_WARN_SUSPICIOUS_MOVE = YES;
				CLANG_WARN_UNGUARDED_AVAILABILITY = YES_AGGRESSIVE;
				CLANG_WARN_UNREACHABLE_CODE = YES;
				CLANG_WARN__DUPLICATE_METHOD_MATCH = YES;
				COPY_PHASE_STRIP = NO;
				DEBUG_INFORMATION_FORMAT = dwarf;
				ENABLE_STRICT_OBJC_MSGSEND = YES;
				ENABLE_TESTABILITY = YES;
				GCC_C_LANGUAGE_STANDARD = gnu11;
				GCC_DYNAMIC_NO_PIC = NO;
				GCC_NO_COMMON_BLOCKS = YES;
				GCC_OPTIMIZATION_LEVEL = 0;
				GCC_PREPROCESSOR_DEFINITIONS = (
					"DEBUG=1",
					"$(inherited)",
				);
				GCC_WARN_64_TO_32_BIT_CONVERSION = YES;
				GCC_WARN_ABOUT_RETURN_TYPE = YES_ERROR;
				GCC_WARN_UNDECLARED_SELECTOR = YES;
				GCC_WARN_UNINITIALIZED_AUTOS = YES_AGGRESSIVE;
				GCC_WARN_UNUSED_FUNCTION = YES;
				GCC_WARN_UNUSED_VARIABLE = YES;
				IPHONEOS_DEPLOYMENT_TARGET = 14.4;
				MTL_ENABLE_DEBUG_INFO = INCLUDE_SOURCE;
				MTL_FAST_MATH = YES;
				ONLY_ACTIVE_ARCH = YES;
				SDKROOT = iphoneos;
				SWIFT_ACTIVE_COMPILATION_CONDITIONS = DEBUG;
				SWIFT_OPTIMIZATION_LEVEL = "-Onone";
			};
			name = Debug;
		};
		7839A74A25CFA9A200585397 /* Release */ = {
			isa = XCBuildConfiguration;
			buildSettings = {
				ALWAYS_SEARCH_USER_PATHS = NO;
				CLANG_ANALYZER_NONNULL = YES;
				CLANG_ANALYZER_NUMBER_OBJECT_CONVERSION = YES_AGGRESSIVE;
				CLANG_CXX_LANGUAGE_STANDARD = "gnu++14";
				CLANG_CXX_LIBRARY = "libc++";
				CLANG_ENABLE_MODULES = YES;
				CLANG_ENABLE_OBJC_ARC = YES;
				CLANG_ENABLE_OBJC_WEAK = YES;
				CLANG_WARN_BLOCK_CAPTURE_AUTORELEASING = YES;
				CLANG_WARN_BOOL_CONVERSION = YES;
				CLANG_WARN_COMMA = YES;
				CLANG_WARN_CONSTANT_CONVERSION = YES;
				CLANG_WARN_DEPRECATED_OBJC_IMPLEMENTATIONS = YES;
				CLANG_WARN_DIRECT_OBJC_ISA_USAGE = YES_ERROR;
				CLANG_WARN_DOCUMENTATION_COMMENTS = YES;
				CLANG_WARN_EMPTY_BODY = YES;
				CLANG_WARN_ENUM_CONVERSION = YES;
				CLANG_WARN_INFINITE_RECURSION = YES;
				CLANG_WARN_INT_CONVERSION = YES;
				CLANG_WARN_NON_LITERAL_NULL_CONVERSION = YES;
				CLANG_WARN_OBJC_IMPLICIT_RETAIN_SELF = YES;
				CLANG_WARN_OBJC_LITERAL_CONVERSION = YES;
				CLANG_WARN_OBJC_ROOT_CLASS = YES_ERROR;
				CLANG_WARN_QUOTED_INCLUDE_IN_FRAMEWORK_HEADER = YES;
				CLANG_WARN_RANGE_LOOP_ANALYSIS = YES;
				CLANG_WARN_STRICT_PROTOTYPES = YES;
				CLANG_WARN_SUSPICIOUS_MOVE = YES;
				CLANG_WARN_UNGUARDED_AVAILABILITY = YES_AGGRESSIVE;
				CLANG_WARN_UNREACHABLE_CODE = YES;
				CLANG_WARN__DUPLICATE_METHOD_MATCH = YES;
				COPY_PHASE_STRIP = NO;
				DEBUG_INFORMATION_FORMAT = "dwarf-with-dsym";
				ENABLE_NS_ASSERTIONS = NO;
				ENABLE_STRICT_OBJC_MSGSEND = YES;
				GCC_C_LANGUAGE_STANDARD = gnu11;
				GCC_NO_COMMON_BLOCKS = YES;
				GCC_WARN_64_TO_32_BIT_CONVERSION = YES;
				GCC_WARN_ABOUT_RETURN_TYPE = YES_ERROR;
				GCC_WARN_UNDECLARED_SELECTOR = YES;
				GCC_WARN_UNINITIALIZED_AUTOS = YES_AGGRESSIVE;
				GCC_WARN_UNUSED_FUNCTION = YES;
				GCC_WARN_UNUSED_VARIABLE = YES;
				IPHONEOS_DEPLOYMENT_TARGET = 14.4;
				MTL_ENABLE_DEBUG_INFO = NO;
				MTL_FAST_MATH = YES;
				SDKROOT = iphoneos;
				SWIFT_COMPILATION_MODE = wholemodule;
				SWIFT_OPTIMIZATION_LEVEL = "-O";
				VALIDATE_PRODUCT = YES;
			};
			name = Release;
		};
		7839A74C25CFA9A200585397 /* Debug */ = {
			isa = XCBuildConfiguration;
			buildSettings = {
				ASSETCATALOG_COMPILER_APPICON_NAME = AppIcon;
				ASSETCATALOG_COMPILER_GLOBAL_ACCENT_COLOR_NAME = AccentColor;
				CODE_SIGN_STYLE = Automatic;
				DEVELOPMENT_ASSET_PATHS = "\"auto-astronomy/Preview Content\"";
				DEVELOPMENT_TEAM = 65VEZ757KM;
				ENABLE_PREVIEWS = YES;
				INFOPLIST_FILE = "auto-astronomy/Info.plist";
				IPHONEOS_DEPLOYMENT_TARGET = 14.0;
				LD_RUNPATH_SEARCH_PATHS = (
					"$(inherited)",
					"@executable_path/Frameworks",
				);
				PRODUCT_BUNDLE_IDENTIFIER = "arpan-dhatt.auto-astronomy";
				PRODUCT_NAME = "$(TARGET_NAME)";
				SWIFT_VERSION = 5.0;
				TARGETED_DEVICE_FAMILY = "1,2";
			};
			name = Debug;
		};
		7839A74D25CFA9A200585397 /* Release */ = {
			isa = XCBuildConfiguration;
			buildSettings = {
				ASSETCATALOG_COMPILER_APPICON_NAME = AppIcon;
				ASSETCATALOG_COMPILER_GLOBAL_ACCENT_COLOR_NAME = AccentColor;
				CODE_SIGN_STYLE = Automatic;
				DEVELOPMENT_ASSET_PATHS = "\"auto-astronomy/Preview Content\"";
				DEVELOPMENT_TEAM = 65VEZ757KM;
				ENABLE_PREVIEWS = YES;
				INFOPLIST_FILE = "auto-astronomy/Info.plist";
				IPHONEOS_DEPLOYMENT_TARGET = 14.0;
				LD_RUNPATH_SEARCH_PATHS = (
					"$(inherited)",
					"@executable_path/Frameworks",
				);
				PRODUCT_BUNDLE_IDENTIFIER = "arpan-dhatt.auto-astronomy";
				PRODUCT_NAME = "$(TARGET_NAME)";
				SWIFT_VERSION = 5.0;
				TARGETED_DEVICE_FAMILY = "1,2";
			};
			name = Release;
		};
/* End XCBuildConfiguration section */

/* Begin XCConfigurationList section */
		7839A73725CFA9A100585397 /* Build configuration list for PBXProject "auto-astronomy" */ = {
			isa = XCConfigurationList;
			buildConfigurations = (
				7839A74925CFA9A200585397 /* Debug */,
				7839A74A25CFA9A200585397 /* Release */,
			);
			defaultConfigurationIsVisible = 0;
			defaultConfigurationName = Release;
		};
		7839A74B25CFA9A200585397 /* Build configuration list for PBXNativeTarget "auto-astronomy" */ = {
			isa = XCConfigurationList;
			buildConfigurations = (
				7839A74C25CFA9A200585397 /* Debug */,
				7839A74D25CFA9A200585397 /* Release */,
			);
			defaultConfigurationIsVisible = 0;
			defaultConfigurationName = Release;
		};
/* End XCConfigurationList section */
	};
	rootObject = 7839A73425CFA9A100585397 /* Project object */;
}
